
Microsoft Visual Studio Solution File, Format Version 12.00
Project("{FAE04EC0-301F-11D3-BF4B-00C04F79EFBC}") = "BlackJackConsole", "BlackJackConsole\BlackJackConsole.csproj", "{069E50D9-39E3-4AFC-B647-AE8EE5CFAC13}"
EndProject
Project("{FAE04EC0-301F-11D3-BF4B-00C04F79EFBC}") = "BlackJackData", "BlackJackData\BlackJackData.csproj", "{10EB06CC-743A-4380-9E60-15070C61E276}"
EndProject
Project("{FAE04EC0-301F-11D3-BF4B-00C04F79EFBC}") = "BlackJackEngine", "BlackJackEngine\BlackJackEngine.csproj", "{17B19F35-B1CF-49FD-85B6-6AA0E1414960}"
EndProject
Project("{FAE04EC0-301F-11D3-BF4B-00C04F79EFBC}") = "BlackJackTests", "BlackJackTests\BlackJackTests.csproj", "{9AA9D94F-5D28-4C26-A683-737C060BD23F}"
EndProject
Project("{FAE04EC0-301F-11D3-BF4B-00C04F79EFBC}") = "BlackJackStrategy", "BlackJackStrategy\BlackJackStrategy.csproj", "{A9C5CA7E-B230-4749-8475-031F76F3DC2E}"
EndProject
Project("{FAE04EC0-301F-11D3-BF4B-00C04F79EFBC}") = "BlackJackConsoleRunner", "BlackJackConsoleRunner\BlackJackConsoleRunner.csproj", "{A69B5D31-E33C-4C0B-BC18-195992E7ADFD}"
EndProject
Global
	GlobalSection(SolutionConfigurationPlatforms) = preSolution
		Debug|Any CPU = Debug|Any CPU
		Release|Any CPU = Release|Any CPU
	EndGlobalSection
	GlobalSection(ProjectConfigurationPlatforms) = postSolution
		{069E50D9-39E3-4AFC-B647-AE8EE5CFAC13}.Debug|Any CPU.ActiveCfg = Debug|Any CPU
		{069E50D9-39E3-4AFC-B647-AE8EE5CFAC13}.Debug|Any CPU.Build.0 = Debug|Any CPU
		{069E50D9-39E3-4AFC-B647-AE8EE5CFAC13}.Release|Any CPU.ActiveCfg = Release|Any CPU
		{069E50D9-39E3-4AFC-B647-AE8EE5CFAC13}.Release|Any CPU.Build.0 = Release|Any CPU
		{10EB06CC-743A-4380-9E60-15070C61E276}.Debug|Any CPU.ActiveCfg = Debug|Any CPU
		{10EB06CC-743A-4380-9E60-15070C61E276}.Debug|Any CPU.Build.0 = Debug|Any CPU
		{10EB06CC-743A-4380-9E60-15070C61E276}.Release|Any CPU.ActiveCfg = Release|Any CPU
		{10EB06CC-743A-4380-9E60-15070C61E276}.Release|Any CPU.Build.0 = Release|Any CPU
		{17B19F35-B1CF-49FD-85B6-6AA0E1414960}.Debug|Any CPU.ActiveCfg = Debug|Any CPU
		{17B19F35-B1CF-49FD-85B6-6AA0E1414960}.Debug|Any CPU.Build.0 = Debug|Any CPU
		{17B19F35-B1CF-49FD-85B6-6AA0E1414960}.Release|Any CPU.ActiveCfg = Release|Any CPU
		{17B19F35-B1CF-49FD-85B6-6AA0E1414960}.Release|Any CPU.Build.0 = Release|Any CPU
		{9AA9D94F-5D28-4C26-A683-737C060BD23F}.Debug|Any CPU.ActiveCfg = Debug|Any CPU
		{9AA9D94F-5D28-4C26-A683-737C060BD23F}.Debug|Any CPU.Build.0 = Debug|Any CPU
		{9AA9D94F-5D28-4C26-A683-737C060BD23F}.Release|Any CPU.ActiveCfg = Release|Any CPU
		{9AA9D94F-5D28-4C26-A683-737C060BD23F}.Release|Any CPU.Build.0 = Release|Any CPU
		{A9C5CA7E-B230-4749-8475-031F76F3DC2E}.Debug|Any CPU.ActiveCfg = Debug|Any CPU
		{A9C5CA7E-B230-4749-8475-031F76F3DC2E}.Debug|Any CPU.Build.0 = Debug|Any CPU
		{A9C5CA7E-B230-4749-8475-031F76F3DC2E}.Release|Any CPU.ActiveCfg = Release|Any CPU
		{A9C5CA7E-B230-4749-8475-031F76F3DC2E}.Release|Any CPU.Build.0 = Release|Any CPU
		{A69B5D31-E33C-4C0B-BC18-195992E7ADFD}.Debug|Any CPU.ActiveCfg = Debug|Any CPU
		{A69B5D31-E33C-4C0B-BC18-195992E7ADFD}.Debug|Any CPU.Build.0 = Debug|Any CPU
		{A69B5D31-E33C-4C0B-BC18-195992E7ADFD}.Release|Any CPU.ActiveCfg = Release|Any CPU
		{A69B5D31-E33C-4C0B-BC18-195992E7ADFD}.Release|Any CPU.Build.0 = Release|Any CPU
	EndGlobalSection
EndGlobal
